// !$*UTF8*$!
{
	archiveVersion = 1;
	classes = {
	};
	objectVersion = 46;
	objects = {

/* Begin PBXBuildFile section */
		FA68A1A91B51A1F7000A652C /* AppDelegate.swift in Sources */ = {isa = PBXBuildFile; fileRef = FA68A1A81B51A1F7000A652C /* AppDelegate.swift */; };
		FA68A1AB1B51A1F7000A652C /* CameraViewController.swift in Sources */ = {isa = PBXBuildFile; fileRef = FA68A1AA1B51A1F7000A652C /* CameraViewController.swift */; };
		FA68A1AE1B51A1F7000A652C /* Main.storyboard in Resources */ = {isa = PBXBuildFile; fileRef = FA68A1AC1B51A1F7000A652C /* Main.storyboard */; };
		FA68A1B01B51A1F7000A652C /* Images.xcassets in Resources */ = {isa = PBXBuildFile; fileRef = FA68A1AF1B51A1F7000A652C /* Images.xcassets */; };
		FA68A1B31B51A1F7000A652C /* LaunchScreen.xib in Resources */ = {isa = PBXBuildFile; fileRef = FA68A1B11B51A1F7000A652C /* LaunchScreen.xib */; };
		FA68A1BF1B51A1F7000A652C /* CameraAndPhotoLibraryDemoTests.swift in Sources */ = {isa = PBXBuildFile; fileRef = FA68A1BE1B51A1F7000A652C /* CameraAndPhotoLibraryDemoTests.swift */; };
/* End PBXBuildFile section */

/* Begin PBXContainerItemProxy section */
		FA68A1B91B51A1F7000A652C /* PBXContainerItemProxy */ = {
			isa = PBXContainerItemProxy;
			containerPortal = FA68A19B1B51A1F7000A652C /* Project object */;
			proxyType = 1;
			remoteGlobalIDString = FA68A1A21B51A1F7000A652C;
			remoteInfo = CameraAndPhotoLibraryDemo;
		};
/* End PBXContainerItemProxy section */

/* Begin PBXFileReference section */
		FA68A1A31B51A1F7000A652C /* CameraAndPhotoLibraryDemo.app */ = {isa = PBXFileReference; explicitFileType = wrapper.application; includeInIndex = 0; path = CameraAndPhotoLibraryDemo.app; sourceTree = BUILT_PRODUCTS_DIR; };
		FA68A1A71B51A1F7000A652C /* Info.plist */ = {isa = PBXFileReference; lastKnownFileType = text.plist.xml; path = Info.plist; sourceTree = "<group>"; };
		FA68A1A81B51A1F7000A652C /* AppDelegate.swift */ = {isa = PBXFileReference; lastKnownFileType = sourcecode.swift; path = AppDelegate.swift; sourceTree = "<group>"; };
		FA68A1AA1B51A1F7000A652C /* CameraViewController.swift */ = {isa = PBXFileReference; lastKnownFileType = sourcecode.swift; path = CameraViewController.swift; sourceTree = "<group>"; };
		FA68A1AD1B51A1F7000A652C /* Base */ = {isa = PBXFileReference; lastKnownFileType = file.storyboard; name = Base; path = Base.lproj/Main.storyboard; sourceTree = "<group>"; };
		FA68A1AF1B51A1F7000A652C /* Images.xcassets */ = {isa = PBXFileReference; lastKnownFileType = folder.assetcatalog; path = Images.xcassets; sourceTree = "<group>"; };
		FA68A1B21B51A1F7000A652C /* Base */ = {isa = PBXFileReference; lastKnownFileType = file.xib; name = Base; path = Base.lproj/LaunchScreen.xib; sourceTree = "<group>"; };
		FA68A1B81B51A1F7000A652C /* CameraAndPhotoLibraryDemoTests.xctest */ = {isa = PBXFileReference; explicitFileType = wrapper.cfbundle; includeInIndex = 0; path = CameraAndPhotoLibraryDemoTests.xctest; sourceTree = BUILT_PRODUCTS_DIR; };
		FA68A1BD1B51A1F7000A652C /* Info.plist */ = {isa = PBXFileReference; lastKnownFileType = text.plist.xml; path = Info.plist; sourceTree = "<group>"; };
		FA68A1BE1B51A1F7000A652C /* CameraAndPhotoLibraryDemoTests.swift */ = {isa = PBXFileReference; lastKnownFileType = sourcecode.swift; path = CameraAndPhotoLibraryDemoTests.swift; sourceTree = "<group>"; };
/* End PBXFileReference section */

/* Begin PBXFrameworksBuildPhase section */
		FA68A1A01B51A1F7000A652C /* Frameworks */ = {
			isa = PBXFrameworksBuildPhase;
			buildActionMask = 2147483647;
			files = (
			);
			runOnlyForDeploymentPostprocessing = 0;
		};
		FA68A1B51B51A1F7000A652C /* Frameworks */ = {
			isa = PBXFrameworksBuildPhase;
			buildActionMask = 2147483647;
			files = (
			);
			runOnlyForDeploymentPostprocessing = 0;
		};
/* End PBXFrameworksBuildPhase section */

/* Begin PBXGroup section */
		FA68A19A1B51A1F7000A652C = {
			isa = PBXGroup;
			children = (
				FA68A1A51B51A1F7000A652C /* CameraAndPhotoLibraryDemo */,
				FA68A1BB1B51A1F7000A652C /* CameraAndPhotoLibraryDemoTests */,
				FA68A1A41B51A1F7000A652C /* Products */,
			);
			sourceTree = "<group>";
		};
		FA68A1A41B51A1F7000A652C /* Products */ = {
			isa = PBXGroup;
			children = (
				FA68A1A31B51A1F7000A652C /* CameraAndPhotoLibraryDemo.app */,
				FA68A1B81B51A1F7000A652C /* CameraAndPhotoLibraryDemoTests.xctest */,
			);
			name = Products;
			sourceTree = "<group>";
		};
		FA68A1A51B51A1F7000A652C /* CameraAndPhotoLibraryDemo */ = {
			isa = PBXGroup;
			children = (
				FA68A1A81B51A1F7000A652C /* AppDelegate.swift */,
				FA68A1AA1B51A1F7000A652C /* CameraViewController.swift */,
				FA68A1AC1B51A1F7000A652C /* Main.storyboard */,
				FA68A1AF1B51A1F7000A652C /* Images.xcassets */,
				FA68A1B11B51A1F7000A652C /* LaunchScreen.xib */,
				FA68A1A61B51A1F7000A652C /* Supporting Files */,
			);
			path = CameraAndPhotoLibraryDemo;
			sourceTree = "<group>";
		};
		FA68A1A61B51A1F7000A652C /* Supporting Files */ = {
			isa = PBXGroup;
			children = (
				FA68A1A71B51A1F7000A652C /* Info.plist */,
			);
			name = "Supporting Files";
			sourceTree = "<group>";
		};
		FA68A1BB1B51A1F7000A652C /* CameraAndPhotoLibraryDemoTests */ = {
			isa = PBXGroup;
			children = (
				FA68A1BE1B51A1F7000A652C /* CameraAndPhotoLibraryDemoTests.swift */,
				FA68A1BC1B51A1F7000A652C /* Supporting Files */,
			);
			path = CameraAndPhotoLibraryDemoTests;
			sourceTree = "<group>";
		};
		FA68A1BC1B51A1F7000A652C /* Supporting Files */ = {
			isa = PBXGroup;
			children = (
				FA68A1BD1B51A1F7000A652C /* Info.plist */,
			);
			name = "Supporting Files";
			sourceTree = "<group>";
		};
/* End PBXGroup section */

/* Begin PBXNativeTarget section */
		FA68A1A21B51A1F7000A652C /* CameraAndPhotoLibraryDemo */ = {
			isa = PBXNativeTarget;
			buildConfigurationList = FA68A1C21B51A1F7000A652C /* Build configuration list for PBXNativeTarget "CameraAndPhotoLibraryDemo" */;
			buildPhases = (
				FA68A19F1B51A1F7000A652C /* Sources */,
				FA68A1A01B51A1F7000A652C /* Frameworks */,
				FA68A1A11B51A1F7000A652C /* Resources */,
			);
			buildRules = (
			);
			dependencies = (
			);
			name = CameraAndPhotoLibraryDemo;
			productName = CameraAndPhotoLibraryDemo;
			productReference = FA68A1A31B51A1F7000A652C /* CameraAndPhotoLibraryDemo.app */;
			productType = "com.apple.product-type.application";
		};
		FA68A1B71B51A1F7000A652C /* CameraAndPhotoLibraryDemoTests */ = {
			isa = PBXNativeTarget;
			buildConfigurationList = FA68A1C51B51A1F7000A652C /* Build configuration list for PBXNativeTarget "CameraAndPhotoLibraryDemoTests" */;
			buildPhases = (
				FA68A1B41B51A1F7000A652C /* Sources */,
				FA68A1B51B51A1F7000A652C /* Frameworks */,
				FA68A1B61B51A1F7000A652C /* Resources */,
			);
			buildRules = (
			);
			dependencies = (
				FA68A1BA1B51A1F7000A652C /* PBXTargetDependency */,
			);
			name = CameraAndPhotoLibraryDemoTests;
			productName = CameraAndPhotoLibraryDemoTests;
			productReference = FA68A1B81B51A1F7000A652C /* CameraAndPhotoLibraryDemoTests.xctest */;
			productType = "com.apple.product-type.bundle.unit-test";
		};
/* End PBXNativeTarget section */

/* Begin PBXProject section */
		FA68A19B1B51A1F7000A652C /* Project object */ = {
			isa = PBXProject;
			attributes = {
				LastSwiftUpdateCheck = 0720;
				LastUpgradeCheck = 0640;
				ORGANIZATIONNAME = YourSchool;
				TargetAttributes = {
					FA68A1A21B51A1F7000A652C = {
						CreatedOnToolsVersion = 6.4;
					};
					FA68A1B71B51A1F7000A652C = {
						CreatedOnToolsVersion = 6.4;
						TestTargetID = FA68A1A21B51A1F7000A652C;
					};
				};
			};
			buildConfigurationList = FA68A19E1B51A1F7000A652C /* Build configuration list for PBXProject "CameraAndPhotoLibraryDemo" */;
			compatibilityVersion = "Xcode 3.2";
			developmentRegion = English;
			hasScannedForEncodings = 0;
			knownRegions = (
				en,
				Base,
			);
			mainGroup = FA68A19A1B51A1F7000A652C;
			productRefGroup = FA68A1A41B51A1F7000A652C /* Products */;
			projectDirPath = "";
			projectRoot = "";
			targets = (
				FA68A1A21B51A1F7000A652C /* CameraAndPhotoLibraryDemo */,
				FA68A1B71B51A1F7000A652C /* CameraAndPhotoLibraryDemoTests */,
			);
		};
/* End PBXProject section */

/* Begin PBXResourcesBuildPhase section */
		FA68A1A11B51A1F7000A652C /* Resources */ = {
			isa = PBXResourcesBuildPhase;
			buildActionMask = 2147483647;
			files = (
				FA68A1AE1B51A1F7000A652C /* Main.storyboard in Resources */,
				FA68A1B31B51A1F7000A652C /* LaunchScreen.xib in Resources */,
				FA68A1B01B51A1F7000A652C /* Images.xcassets in Resources */,
			);
			runOnlyForDeploymentPostprocessing = 0;
		};
		FA68A1B61B51A1F7000A652C /* Resources */ = {
			isa = PBXResourcesBuildPhase;
			buildActionMask = 2147483647;
			files = (
			);
			runOnlyForDeploymentPostprocessing = 0;
		};
/* End PBXResourcesBuildPhase section */

/* Begin PBXSourcesBuildPhase section */
		FA68A19F1B51A1F7000A652C /* Sources */ = {
			isa = PBXSourcesBuildPhase;
			buildActionMask = 2147483647;
			files = (
				FA68A1AB1B51A1F7000A652C /* CameraViewController.swift in Sources */,
				FA68A1A91B51A1F7000A652C /* AppDelegate.swift in Sources */,
			);
			runOnlyForDeploymentPostprocessing = 0;
		};
		FA68A1B41B51A1F7000A652C /* Sources */ = {
			isa = PBXSourcesBuildPhase;
			buildActionMask = 2147483647;
			files = (
				FA68A1BF1B51A1F7000A652C /* CameraAndPhotoLibraryDemoTests.swift in Sources */,
			);
			runOnlyForDeploymentPostprocessing = 0;
		};
/* End PBXSourcesBuildPhase section */

/* Begin PBXTargetDependency section */
		FA68A1BA1B51A1F7000A652C /* PBXTargetDependency */ = {
			isa = PBXTargetDependency;
			target = FA68A1A21B51A1F7000A652C /* CameraAndPhotoLibraryDemo */;
			targetProxy = FA68A1B91B51A1F7000A652C /* PBXContainerItemProxy */;
		};
/* End PBXTargetDependency section */

/* Begin PBXVariantGroup section */
		FA68A1AC1B51A1F7000A652C /* Main.storyboard */ = {
			isa = PBXVariantGroup;
			children = (
				FA68A1AD1B51A1F7000A652C /* Base */,
			);
			name = Main.storyboard;
			sourceTree = "<group>";
		};
		FA68A1B11B51A1F7000A652C /* LaunchScreen.xib */ = {
			isa = PBXVariantGroup;
			children = (
				FA68A1B21B51A1F7000A652C /* Base */,
			);
			name = LaunchScreen.xib;
			sourceTree = "<group>";
		};
/* End PBXVariantGroup section */

/* Begin XCBuildConfiguration section */
		FA68A1C01B51A1F7000A652C /* Debug */ = {
			isa = XCBuildConfiguration;
			buildSettings = {
				ALWAYS_SEARCH_USER_PATHS = NO;
				CLANG_CXX_LANGUAGE_STANDARD = "gnu++0x";
				CLANG_CXX_LIBRARY = "libc++";
				CLANG_ENABLE_MODULES = YES;
				CLANG_ENABLE_OBJC_ARC = YES;
				CLANG_WARN_BOOL_CONVERSION = YES;
				CLANG_WARN_CONSTANT_CONVERSION = YES;
				CLANG_WARN_DIRECT_OBJC_ISA_USAGE = YES_ERROR;
				CLANG_WARN_EMPTY_BODY = YES;
				CLANG_WARN_ENUM_CONVERSION = YES;
				CLANG_WARN_INT_CONVERSION = YES;
				CLANG_WARN_OBJC_ROOT_CLASS = YES_ERROR;
				CLANG_WARN_UNREACHABLE_CODE = YES;
				CLANG_WARN__DUPLICATE_METHOD_MATCH = YES;
				"CODE_SIGN_IDENTITY[sdk=iphoneos*]" = "iPhone Developer";
				COPY_PHASE_STRIP = NO;
				DEBUG_INFORMATION_FORMAT = "dwarf-with-dsym";
				ENABLE_STRICT_OBJC_MSGSEND = YES;
				GCC_C_LANGUAGE_STANDARD = gnu99;
				GCC_DYNAMIC_NO_PIC = NO;
				GCC_NO_COMMON_BLOCKS = YES;
				GCC_OPTIMIZATION_LEVEL = 0;
				GCC_PREPROCESSOR_DEFINITIONS = (
					"DEBUG=1",
					"$(inherited)",
				);
				GCC_SYMBOLS_PRIVATE_EXTERN = NO;
				GCC_WARN_64_TO_32_BIT_CONVERSION = YES;
				GCC_WARN_ABOUT_RETURN_TYPE = YES_ERROR;
				GCC_WARN_UNDECLARED_SELECTOR = YES;
				GCC_WARN_UNINITIALIZED_AUTOS = YES_AGGRESSIVE;
				GCC_WARN_UNUSED_FUNCTION = YES;
				GCC_WARN_UNUSED_VARIABLE = YES;
				IPHONEOS_DEPLOYMENT_TARGET = 8.4;
				MTL_ENABLE_DEBUG_INFO = YES;
				ONLY_ACTIVE_ARCH = YES;
				SDKROOT = iphoneos;
				SWIFT_OPTIMIZATION_LEVEL = "-Onone";
				TARGETED_DEVICE_FAMILY = "1,2";
			};
			name = Debug;
		};
		FA68A1C11B51A1F7000A652C /* Release */ = {
			isa = XCBuildConfiguration;
			buildSettings = {
				ALWAYS_SEARCH_USER_PATHS = NO;
				CLANG_CXX_LANGUAGE_STANDARD = "gnu++0x";
				CLANG_CXX_LIBRARY = "libc++";
				CLANG_ENABLE_MODULES = YES;
				CLANG_ENABLE_OBJC_ARC = YES;
				CLANG_WARN_BOOL_CONVERSION = YES;
				CLANG_WARN_CONSTANT_CONVERSION = YES;
				CLANG_WARN_DIRECT_OBJC_ISA_USAGE = YES_ERROR;
				CLANG_WARN_EMPTY_BODY = YES;
				CLANG_WARN_ENUM_CONVERSION = YES;
				CLANG_WARN_INT_CONVERSION = YES;
				CLANG_WARN_OBJC_ROOT_CLASS = YES_ERROR;
				CLANG_WARN_UNREACHABLE_CODE = YES;
				CLANG_WARN__DUPLICATE_METHOD_MATCH = YES;
				"CODE_SIGN_IDENTITY[sdk=iphoneos*]" = "iPhone Developer";
				COPY_PHASE_STRIP = NO;
				DEBUG_INFORMATION_FORMAT = "dwarf-with-dsym";
				ENABLE_NS_ASSERTIONS = NO;
				ENABLE_STRICT_OBJC_MSGSEND = YES;
				GCC_C_LANGUAGE_STANDARD = gnu99;
				GCC_NO_COMMON_BLOCKS = YES;
				GCC_WARN_64_TO_32_BIT_CONVERSION = YES;
				GCC_WARN_ABOUT_RETURN_TYPE = YES_ERROR;
				GCC_WARN_UNDECLARED_SELECTOR = YES;
				GCC_WARN_UNINITIALIZED_AUTOS = YES_AGGRESSIVE;
				GCC_WARN_UNUSED_FUNCTION = YES;
				GCC_WARN_UNUSED_VARIABLE = YES;
				IPHONEOS_DEPLOYMENT_TARGET = 8.4;
				MTL_ENABLE_DEBUG_INFO = NO;
				SDKROOT = iphoneos;
				TARGETED_DEVICE_FAMILY = "1,2";
				VALIDATE_PRODUCT = YES;
			};
			name = Release;
		};
		FA68A1C31B51A1F7000A652C /* Debug */ = {
			isa = XCBuildConfiguration;
			buildSettings = {
				ASSETCATALOG_COMPILER_APPICON_NAME = AppIcon;
				INFOPLIST_FILE = CameraAndPhotoLibraryDemo/Info.plist;
				IPHONEOS_DEPLOYMENT_TARGET = 8.3;
				LD_RUNPATH_SEARCH_PATHS = "$(inherited) @executable_path/Frameworks";
				PRODUCT_NAME = "$(TARGET_NAME)";
			};
			name = Debug;
		};
		FA68A1C41B51A1F7000A652C /* Release */ = {
			isa = XCBuildConfiguration;
			buildSettings = {
				ASSETCATALOG_COMPILER_APPICON_NAME = AppIcon;
				INFOPLIST_FILE = CameraAndPhotoLibraryDemo/Info.plist;
				IPHONEOS_DEPLOYMENT_TARGET = 8.3;
				LD_RUNPATH_SEARCH_PATHS = "$(inherited) @executable_path/Frameworks";
				PRODUCT_NAME = "$(TARGET_NAME)";
			};
			name = Release;
		};
		FA68A1C61B51A1F7000A652C /* Debug */ = {
			isa = XCBuildConfiguration;
			buildSettings = {
				BUNDLE_LOADER = "$(TEST_HOST)";
				FRAMEWORK_SEARCH_PATHS = (
					"$(SDKROOT)/Developer/Library/Frameworks",
					"$(inherited)",
				);
				GCC_PREPROCESSOR_DEFINITIONS = (
					"DEBUG=1",
					"$(inherited)",
				);
				INFOPLIST_FILE = CameraAndPhotoLibraryDemoTests/Info.plist;
				LD_RUNPATH_SEARCH_PATHS = "$(inherited) @executable_path/Frameworks @loader_path/Frameworks";
				PRODUCT_NAME = "$(TARGET_NAME)";
				TEST_HOST = "$(BUILT_PRODUCTS_DIR)/CameraAndPhotoLibraryDemo.app/CameraAndPhotoLibraryDemo";
			};
			name = Debug;
		};
		FA68A1C71B51A1F7000A652C /* Release */ = {
			isa = XCBuildConfiguration;
			buildSettings = {
				BUNDLE_LOADER = "$(TEST_HOST)";
				FRAMEWORK_SEARCH_PATHS = (
					"$(SDKROOT)/Developer/Library/Frameworks",
					"$(inherited)",
				);
				INFOPLIST_FILE = CameraAndPhotoLibraryDemoTests/Info.plist;
				LD_RUNPATH_SEARCH_PATHS = "$(inherited) @executable_path/Frameworks @loader_path/Frameworks";
				PRODUCT_NAME = "$(TARGET_NAME)";
				TEST_HOST = "$(BUILT_PRODUCTS_DIR)/CameraAndPhotoLibraryDemo.app/CameraAndPhotoLibraryDemo";
			};
			name = Release;
		};
/* End XCBuildConfiguration section */

/* Begin XCConfigurationList section */
		FA68A19E1B51A1F7000A652C /* Build configuration list for PBXProject "CameraAndPhotoLibraryDemo" */ = {
			isa = XCConfigurationList;
			buildConfigurations = (
				FA68A1C01B51A1F7000A652C /* Debug */,
				FA68A1C11B51A1F7000A652C /* Release */,
			);
			defaultConfigurationIsVisible = 0;
			defaultConfigurationName = Release;
		};
		FA68A1C21B51A1F7000A652C /* Build configuration list for PBXNativeTarget "CameraAndPhotoLibraryDemo" */ = {
			isa = XCConfigurationList;
			buildConfigurations = (
				FA68A1C31B51A1F7000A652C /* Debug */,
				FA68A1C41B51A1F7000A652C /* Release */,
			);
			defaultConfigurationIsVisible = 0;
			defaultConfigurationName = Release;
		};
		FA68A1C51B51A1F7000A652C /* Build configuration list for PBXNativeTarget "CameraAndPhotoLibraryDemoTests" */ = {
			isa = XCConfigurationList;
			buildConfigurations = (
				FA68A1C61B51A1F7000A652C /* Debug */,
				FA68A1C71B51A1F7000A652C /* Release */,
			);
			defaultConfigurationIsVisible = 0;
			defaultConfigurationName = Release;
		};
/* End XCConfigurationList section */
	};
	rootObject = FA68A19B1B51A1F7000A652C /* Project object */;
}
